Microsoft Visual Studio Solution File, Format Version 12.00
# Visual Studio 15
VisualStudioVersion = 15.0.28010.2003
MinimumVisualStudioVersion = 10.0.40219.1
Project("{FAE04EC0-301F-11D3-BF4B-00C04F79EFBC}") = "TestApplication.Android", "TestApplication.Android\TestApplication.Android.csproj", "{82E2CA06-031F-4B0C-B7A1-645B1E348224}"
EndProject
Project("{FAE04EC0-301F-11D3-BF4B-00C04F79EFBC}") = "TestApplication.iOS", "TestApplication.iOS\TestApplication.iOS.csproj", "{D6C7FE5F-9AF7-44D5-9CCE-C588461FE54C}"
EndProject
Project("{9A19103F-16F7-4668-BE54-9A1E7A4F7556}") = "TestApplication", "TestApplication\TestApplication.csproj", "{88A521FB-C4AC-4FB8-958D-208D2BA7D22B}"
EndProject
Global
	GlobalSection(SolutionConfigurationPlatforms) = preSolution
		Ad-Hoc|Any CPU = Ad-Hoc|Any CPU
		Ad-Hoc|iPhone = Ad-Hoc|iPhone
		Ad-Hoc|iPhoneSimulator = Ad-Hoc|iPhoneSimulator
		AppStore|Any CPU = AppStore|Any CPU
		AppStore|iPhone = AppStore|iPhone
		AppStore|iPhoneSimulator = AppStore|iPhoneSimulator
		Debug|Any CPU = Debug|Any CPU
		Debug|iPhone = Debug|iPhone
		Debug|iPhoneSimulator = Debug|iPhoneSimulator
		Release|Any CPU = Release|Any CPU
		Release|iPhone = Release|iPhone
		Release|iPhoneSimulator = Release|iPhoneSimulator
	EndGlobalSection
	GlobalSection(ProjectConfigurationPlatforms) = postSolution
		{82E2CA06-031F-4B0C-B7A1-645B1E348224}.Ad-Hoc|Any CPU.ActiveCfg = Release|Any CPU
		{82E2CA06-031F-4B0C-B7A1-645B1E348224}.Ad-Hoc|Any CPU.Build.0 = Release|Any CPU
		{82E2CA06-031F-4B0C-B7A1-645B1E348224}.Ad-Hoc|Any CPU.Deploy.0 = Release|Any CPU
		{82E2CA06-031F-4B0C-B7A1-645B1E348224}.Ad-Hoc|iPhone.ActiveCfg = Debug|Any CPU
		{82E2CA06-031F-4B0C-B7A1-645B1E348224}.Ad-Hoc|iPhone.Build.0 = Debug|Any CPU
		{82E2CA06-031F-4B0C-B7A1-645B1E348224}.Ad-Hoc|iPhoneSimulator.ActiveCfg = Release|Any CPU
		{82E2CA06-031F-4B0C-B7A1-645B1E348224}.Ad-Hoc|iPhoneSimulator.Build.0 = Release|Any CPU
		{82E2CA06-031F-4B0C-B7A1-645B1E348224}.Ad-Hoc|iPhoneSimulator.Deploy.0 = Release|Any CPU
		{82E2CA06-031F-4B0C-B7A1-645B1E348224}.AppStore|Any CPU.ActiveCfg = Release|Any CPU
		{82E2CA06-031F-4B0C-B7A1-645B1E348224}.AppStore|Any CPU.Build.0 = Release|Any CPU
		{82E2CA06-031F-4B0C-B7A1-645B1E348224}.AppStore|Any CPU.Deploy.0 = Release|Any CPU
		{82E2CA06-031F-4B0C-B7A1-645B1E348224}.AppStore|iPhone.ActiveCfg = Debug|Any CPU
		{82E2CA06-031F-4B0C-B7A1-645B1E348224}.AppStore|iPhone.Build.0 = Debug|Any CPU
		{82E2CA06-031F-4B0C-B7A1-645B1E348224}.AppStore|iPhoneSimulator.ActiveCfg = Release|Any CPU
		{82E2CA06-031F-4B0C-B7A1-645B1E348224}.AppStore|iPhoneSimulator.Build.0 = Release|Any CPU
		{82E2CA06-031F-4B0C-B7A1-645B1E348224}.AppStore|iPhoneSimulator.Deploy.0 = Release|Any CPU
		{82E2CA06-031F-4B0C-B7A1-645B1E348224}.Debug|Any CPU.ActiveCfg = Debug|Any CPU
		{82E2CA06-031F-4B0C-B7A1-645B1E348224}.Debug|Any CPU.Build.0 = Debug|Any CPU
		{82E2CA06-031F-4B0C-B7A1-645B1E348224}.Debug|Any CPU.Deploy.0 = Debug|Any CPU
		{82E2CA06-031F-4B0C-B7A1-645B1E348224}.Debug|iPhone.ActiveCfg = Debug|Any CPU
		{82E2CA06-031F-4B0C-B7A1-645B1E348224}.Debug|iPhone.Build.0 = Debug|Any CPU
		{82E2CA06-031F-4B0C-B7A1-645B1E348224}.Debug|iPhoneSimulator.ActiveCfg = Debug|Any CPU
		{82E2CA06-031F-4B0C-B7A1-645B1E348224}.Debug|iPhoneSimulator.Build.0 = Debug|Any CPU
		{82E2CA06-031F-4B0C-B7A1-645B1E348224}.Release|Any CPU.ActiveCfg = Release|Any CPU
		{82E2CA06-031F-4B0C-B7A1-645B1E348224}.Release|Any CPU.Build.0 = Release|Any CPU
		{82E2CA06-031F-4B0C-B7A1-645B1E348224}.Release|iPhone.ActiveCfg = Release|Any CPU
		{82E2CA06-031F-4B0C-B7A1-645B1E348224}.Release|iPhone.Build.0 = Release|Any CPU
		{82E2CA06-031F-4B0C-B7A1-645B1E348224}.Release|iPhoneSimulator.ActiveCfg = Release|Any CPU
		{82E2CA06-031F-4B0C-B7A1-645B1E348224}.Release|iPhoneSimulator.Build.0 = Release|Any CPU
		{D6C7FE5F-9AF7-44D5-9CCE-C588461FE54C}.Ad-Hoc|Any CPU.ActiveCfg = Ad-Hoc|iPhoneSimulator
		{D6C7FE5F-9AF7-44D5-9CCE-C588461FE54C}.Ad-Hoc|iPhone.ActiveCfg = Ad-Hoc|iPhone
		{D6C7FE5F-9AF7-44D5-9CCE-C588461FE54C}.Ad-Hoc|iPhone.Build.0 = Ad-Hoc|iPhone
		{D6C7FE5F-9AF7-44D5-9CCE-C588461FE54C}.Ad-Hoc|iPhoneSimulator.ActiveCfg = Ad-Hoc|iPhoneSimulator
		{D6C7FE5F-9AF7-44D5-9CCE-C588461FE54C}.Ad-Hoc|iPhoneSimulator.Build.0 = Ad-Hoc|iPhoneSimulator
		{D6C7FE5F-9AF7-44D5-9CCE-C588461FE54C}.AppStore|Any CPU.ActiveCfg = AppStore|iPhoneSimulator
		{D6C7FE5F-9AF7-44D5-9CCE-C588461FE54C}.AppStore|iPhone.ActiveCfg = AppStore|iPhone
		{D6C7FE5F-9AF7-44D5-9CCE-C588461FE54C}.AppStore|iPhone.Build.0 = AppStore|iPhone
		{D6C7FE5F-9AF7-44D5-9CCE-C588461FE54C}.AppStore|iPhoneSimulator.ActiveCfg = AppStore|iPhoneSimulator
		{D6C7FE5F-9AF7-44D5-9CCE-C588461FE54C}.AppStore|iPhoneSimulator.Build.0 = AppStore|iPhoneSimulator
		{D6C7FE5F-9AF7-44D5-9CCE-C588461FE54C}.Debug|Any CPU.ActiveCfg = Debug|iPhoneSimulator
		{D6C7FE5F-9AF7-44D5-9CCE-C588461FE54C}.Debug|Any CPU.Build.0 = Debug|iPhoneSimulator
		{D6C7FE5F-9AF7-44D5-9CCE-C588461FE54C}.Debug|iPhone.ActiveCfg = Debug|iPhone
		{D6C7FE5F-9AF7-44D5-9CCE-C588461FE54C}.Debug|iPhone.Build.0 = Debug|iPhone
		{D6C7FE5F-9AF7-44D5-9CCE-C588461FE54C}.Debug|iPhoneSimulator.ActiveCfg = Debug|iPhoneSimulator
		{D6C7FE5F-9AF7-44D5-9CCE-C588461FE54C}.Debug|iPhoneSimulator.Build.0 = Debug|iPhoneSimulator
		{D6C7FE5F-9AF7-44D5-9CCE-C588461FE54C}.Release|Any CPU.ActiveCfg = Release|iPhoneSimulator
		{D6C7FE5F-9AF7-44D5-9CCE-C588461FE54C}.Release|Any CPU.Build.0 = Release|iPhoneSimulator
		{D6C7FE5F-9AF7-44D5-9CCE-C588461FE54C}.Release|iPhone.ActiveCfg = Release|iPhone
		{D6C7FE5F-9AF7-44D5-9CCE-C588461FE54C}.Release|iPhone.Build.0 = Release|iPhone
		{D6C7FE5F-9AF7-44D5-9CCE-C588461FE54C}.Release|iPhoneSimulator.ActiveCfg = Release|iPhoneSimulator
		{D6C7FE5F-9AF7-44D5-9CCE-C588461FE54C}.Release|iPhoneSimulator.Build.0 = Release|iPhoneSimulator
		{88A521FB-C4AC-4FB8-958D-208D2BA7D22B}.Ad-Hoc|Any CPU.ActiveCfg = Release|Any CPU
		{88A521FB-C4AC-4FB8-958D-208D2BA7D22B}.Ad-Hoc|Any CPU.Build.0 = Release|Any CPU
		{88A521FB-C4AC-4FB8-958D-208D2BA7D22B}.Ad-Hoc|iPhone.ActiveCfg = Debug|Any CPU
		{88A521FB-C4AC-4FB8-958D-208D2BA7D22B}.Ad-Hoc|iPhone.Build.0 = Debug|Any CPU
		{88A521FB-C4AC-4FB8-958D-208D2BA7D22B}.Ad-Hoc|iPhoneSimulator.ActiveCfg = Release|Any CPU
		{88A521FB-C4AC-4FB8-958D-208D2BA7D22B}.Ad-Hoc|iPhoneSimulator.Build.0 = Release|Any CPU
		{88A521FB-C4AC-4FB8-958D-208D2BA7D22B}.AppStore|Any CPU.ActiveCfg = Release|Any CPU
		{88A521FB-C4AC-4FB8-958D-208D2BA7D22B}.AppStore|Any CPU.Build.0 = Release|Any CPU
		{88A521FB-C4AC-4FB8-958D-208D2BA7D22B}.AppStore|iPhone.ActiveCfg = Debug|Any CPU
		{88A521FB-C4AC-4FB8-958D-208D2BA7D22B}.AppStore|iPhone.Build.0 = Debug|Any CPU
		{88A521FB-C4AC-4FB8-958D-208D2BA7D22B}.AppStore|iPhoneSimulator.ActiveCfg = Release|Any CPU
		{88A521FB-C4AC-4FB8-958D-208D2BA7D22B}.AppStore|iPhoneSimulator.Build.0 = Release|Any CPU
		{88A521FB-C4AC-4FB8-958D-208D2BA7D22B}.Debug|Any CPU.ActiveCfg = Debug|Any CPU
		{88A521FB-C4AC-4FB8-958D-208D2BA7D22B}.Debug|Any CPU.Build.0 = Debug|Any CPU
		{88A521FB-C4AC-4FB8-958D-208D2BA7D22B}.Debug|iPhone.ActiveCfg = Debug|Any CPU
		{88A521FB-C4AC-4FB8-958D-208D2BA7D22B}.Debug|iPhone.Build.0 = Debug|Any CPU
		{88A521FB-C4AC-4FB8-958D-208D2BA7D22B}.Debug|iPhoneSimulator.ActiveCfg = Debug|Any CPU
		{88A521FB-C4AC-4FB8-958D-208D2BA7D22B}.Debug|iPhoneSimulator.Build.0 = Debug|Any CPU
		{88A521FB-C4AC-4FB8-958D-208D2BA7D22B}.Release|Any CPU.ActiveCfg = Release|Any CPU
		{88A521FB-C4AC-4FB8-958D-208D2BA7D22B}.Release|Any CPU.Build.0 = Release|Any CPU
		{88A521FB-C4AC-4FB8-958D-208D2BA7D22B}.Release|iPhone.ActiveCfg = Release|Any CPU
		{88A521FB-C4AC-4FB8-958D-208D2BA7D22B}.Release|iPhone.Build.0 = Release|Any CPU
		{88A521FB-C4AC-4FB8-958D-208D2BA7D22B}.Release|iPhoneSimulator.ActiveCfg = Release|Any CPU
		{88A521FB-C4AC-4FB8-958D-208D2BA7D22B}.Release|iPhoneSimulator.Build.0 = Release|Any CPU
	EndGlobalSection
	GlobalSection(SolutionProperties) = preSolution
		HideSolutionNode = FALSE
	EndGlobalSection
	GlobalSection(ExtensibilityGlobals) = postSolution
		SolutionGuid = {7D012DBB-6F01-4356-8AA9-DD7D254F1A40}
	EndGlobalSection
EndGlobal
